// !$*UTF8*$!
{
	archiveVersion = 1;
	classes = {
	};
	objectVersion = 50;
	objects = {

/* Begin PBXBuildFile section */
		48C3612373F98E855C557DA2 /* Pods_EasyEnglishUITests.framework in Frameworks */ = {isa = PBXBuildFile; fileRef = 2718FDA2DA89C26C304431A9 /* Pods_EasyEnglishUITests.framework */; };
		79E957BF132E82044B3B19E8 /* Pods_EasyEnglish.framework in Frameworks */ = {isa = PBXBuildFile; fileRef = 7D05D3CBFFA2BFB9FC509584 /* Pods_EasyEnglish.framework */; };
		843430352235880900DD429B /* SelfWord+CoreDataClass.swift in Sources */ = {isa = PBXBuildFile; fileRef = 843430312235880900DD429B /* SelfWord+CoreDataClass.swift */; };
		843430362235880900DD429B /* SelfWord+CoreDataProperties.swift in Sources */ = {isa = PBXBuildFile; fileRef = 843430322235880900DD429B /* SelfWord+CoreDataProperties.swift */; };
		843430372235880900DD429B /* Word+CoreDataClass.swift in Sources */ = {isa = PBXBuildFile; fileRef = 843430332235880900DD429B /* Word+CoreDataClass.swift */; };
		843430382235880900DD429B /* Word+CoreDataProperties.swift in Sources */ = {isa = PBXBuildFile; fileRef = 843430342235880900DD429B /* Word+CoreDataProperties.swift */; };
		844540C3222D4006002FFF2F /* Localizable.strings in Resources */ = {isa = PBXBuildFile; fileRef = 844540C2222D4006002FFF2F /* Localizable.strings */; };
		844540C7222D4006002FFF2F /* Colors.xcassets in Resources */ = {isa = PBXBuildFile; fileRef = 844540C6222D4006002FFF2F /* Colors.xcassets */; };
		844540C9222D4006002FFF2F /* Assets.xcassets in Resources */ = {isa = PBXBuildFile; fileRef = 844540C8222D4006002FFF2F /* Assets.xcassets */; };
		844540CB222D4006002FFF2F /* LaunchScreen.storyboard in Resources */ = {isa = PBXBuildFile; fileRef = 844540CA222D4006002FFF2F /* LaunchScreen.storyboard */; };
		844540CE222D4006002FFF2F /* AppDelegate.swift in Sources */ = {isa = PBXBuildFile; fileRef = 844540CD222D4006002FFF2F /* AppDelegate.swift */; };
		844540DA222D4006002FFF2F /* EasyEnglishUITests.swift in Sources */ = {isa = PBXBuildFile; fileRef = 844540D9222D4006002FFF2F /* EasyEnglishUITests.swift */; };
		844540E6222D4067002FFF2F /* LoginRegistrationStoryboard.storyboard in Resources */ = {isa = PBXBuildFile; fileRef = 844540E4222D4067002FFF2F /* LoginRegistrationStoryboard.storyboard */; };
		844540E7222D4067002FFF2F /* LoginViewController.swift in Sources */ = {isa = PBXBuildFile; fileRef = 844540E5222D4067002FFF2F /* LoginViewController.swift */; };
		8474115D2248068800639522 /* TestWords.storyboard in Resources */ = {isa = PBXBuildFile; fileRef = 8474115C2248068800639522 /* TestWords.storyboard */; };
		8474115F2248082100639522 /* TestWordViewController.swift in Sources */ = {isa = PBXBuildFile; fileRef = 8474115E2248082000639522 /* TestWordViewController.swift */; };
		847411642248118700639522 /* TestWordCell.swift in Sources */ = {isa = PBXBuildFile; fileRef = 847411622248118700639522 /* TestWordCell.swift */; };
		847411652248118700639522 /* TestWordCell.xib in Resources */ = {isa = PBXBuildFile; fileRef = 847411632248118700639522 /* TestWordCell.xib */; };
		84A21292224AB9BC003CA53E /* CollectionViewCell.swift in Sources */ = {isa = PBXBuildFile; fileRef = 84A21291224AB9BC003CA53E /* CollectionViewCell.swift */; };
		84AE9DD822514CAD00E06179 /* Api.swift in Sources */ = {isa = PBXBuildFile; fileRef = 84AE9DD722514CAD00E06179 /* Api.swift */; };
		84B83C34222EA876005ED568 /* AddNewWordViewController.swift in Sources */ = {isa = PBXBuildFile; fileRef = 84B83C33222EA876005ED568 /* AddNewWordViewController.swift */; };
		84B8E07E225224C300669369 /* RefreshController.swift in Sources */ = {isa = PBXBuildFile; fileRef = 84B8E07D225224C300669369 /* RefreshController.swift */; };
		84BE5E85224A29940016C63D /* ComposeWord.storyboard in Resources */ = {isa = PBXBuildFile; fileRef = 84BE5E84224A29940016C63D /* ComposeWord.storyboard */; };
		84BE5E87224A29C60016C63D /* ComposeWordViewController.swift in Sources */ = {isa = PBXBuildFile; fileRef = 84BE5E86224A29C60016C63D /* ComposeWordViewController.swift */; };
		84C0CB7E222D47E9002AB7B4 /* EasyEnglish.xcdatamodeld in Sources */ = {isa = PBXBuildFile; fileRef = 84C0CB7C222D47E9002AB7B4 /* EasyEnglish.xcdatamodeld */; };
		84C0CB85222D495A002AB7B4 /* CoreDataStack.swift in Sources */ = {isa = PBXBuildFile; fileRef = 84C0CB84222D495A002AB7B4 /* CoreDataStack.swift */; };
		84C0CB87222D4C7D002AB7B4 /* Dictionary.storyboard in Resources */ = {isa = PBXBuildFile; fileRef = 84C0CB86222D4C7D002AB7B4 /* Dictionary.storyboard */; };
		84C112B7222E7CFD000E0D57 /* DictionaryViewController.swift in Sources */ = {isa = PBXBuildFile; fileRef = 84C112B6222E7CFD000E0D57 /* DictionaryViewController.swift */; };
		84C112BA222E7FD6000E0D57 /* AddNewWord.storyboard in Resources */ = {isa = PBXBuildFile; fileRef = 84C112B9222E7FD6000E0D57 /* AddNewWord.storyboard */; };
		84C15E842238480F00F8A8C3 /* WordStruct.swift in Sources */ = {isa = PBXBuildFile; fileRef = 84C15E832238480F00F8A8C3 /* WordStruct.swift */; };
		84C15E86223851E300F8A8C3 /* BounceButton.swift in Sources */ = {isa = PBXBuildFile; fileRef = 84C15E85223851E300F8A8C3 /* BounceButton.swift */; };
		84CF8D5022426F61006CC4A7 /* ShowDetail.storyboard in Resources */ = {isa = PBXBuildFile; fileRef = 84CF8D4F22426F61006CC4A7 /* ShowDetail.storyboard */; };
		84CF8D5322428556006CC4A7 /* ShowDetailViewController.swift in Sources */ = {isa = PBXBuildFile; fileRef = 84CF8D5222428556006CC4A7 /* ShowDetailViewController.swift */; };
		84F940912236823300D63C89 /* SelfAddedWords.storyboard in Resources */ = {isa = PBXBuildFile; fileRef = 84F940902236823300D63C89 /* SelfAddedWords.storyboard */; };
		84F940932236938000D63C89 /* SelfAddedWordsViewController.swift in Sources */ = {isa = PBXBuildFile; fileRef = 84F940922236938000D63C89 /* SelfAddedWordsViewController.swift */; };
		84F940972236A3EF00D63C89 /* SelfAddedWordsTableViewCell.swift in Sources */ = {isa = PBXBuildFile; fileRef = 84F940952236A3EF00D63C89 /* SelfAddedWordsTableViewCell.swift */; };
		84F940982236A3EF00D63C89 /* SelfAddedWordsTableViewCell.xib in Resources */ = {isa = PBXBuildFile; fileRef = 84F940962236A3EF00D63C89 /* SelfAddedWordsTableViewCell.xib */; };
/* End PBXBuildFile section */

/* Begin PBXContainerItemProxy section */
		844540D6222D4006002FFF2F /* PBXContainerItemProxy */ = {
			isa = PBXContainerItemProxy;
			containerPortal = 8445409D222D4006002FFF2F /* Project object */;
			proxyType = 1;
			remoteGlobalIDString = 844540A5222D4006002FFF2F;
			remoteInfo = EasyEnglish;
		};
/* End PBXContainerItemProxy section */

/* Begin PBXFileReference section */
		05514D3E3C981F4DB750584A /* Pods-EasyEnglishUITests.debug.xcconfig */ = {isa = PBXFileReference; includeInIndex = 1; lastKnownFileType = text.xcconfig; name = "Pods-EasyEnglishUITests.debug.xcconfig"; path = "Target Support Files/Pods-EasyEnglishUITests/Pods-EasyEnglishUITests.debug.xcconfig"; sourceTree = "<group>"; };
		2718FDA2DA89C26C304431A9 /* Pods_EasyEnglishUITests.framework */ = {isa = PBXFileReference; explicitFileType = wrapper.framework; includeInIndex = 0; path = Pods_EasyEnglishUITests.framework; sourceTree = BUILT_PRODUCTS_DIR; };
		43D8A272B874272040855382 /* Pods-EasyEnglish.release.xcconfig */ = {isa = PBXFileReference; includeInIndex = 1; lastKnownFileType = text.xcconfig; name = "Pods-EasyEnglish.release.xcconfig"; path = "Target Support Files/Pods-EasyEnglish/Pods-EasyEnglish.release.xcconfig"; sourceTree = "<group>"; };
		7D05D3CBFFA2BFB9FC509584 /* Pods_EasyEnglish.framework */ = {isa = PBXFileReference; explicitFileType = wrapper.framework; includeInIndex = 0; path = Pods_EasyEnglish.framework; sourceTree = BUILT_PRODUCTS_DIR; };
		843430312235880900DD429B /* SelfWord+CoreDataClass.swift */ = {isa = PBXFileReference; lastKnownFileType = sourcecode.swift; path = "SelfWord+CoreDataClass.swift"; sourceTree = "<group>"; };
		843430322235880900DD429B /* SelfWord+CoreDataProperties.swift */ = {isa = PBXFileReference; lastKnownFileType = sourcecode.swift; path = "SelfWord+CoreDataProperties.swift"; sourceTree = "<group>"; };
		843430332235880900DD429B /* Word+CoreDataClass.swift */ = {isa = PBXFileReference; lastKnownFileType = sourcecode.swift; path = "Word+CoreDataClass.swift"; sourceTree = "<group>"; };
		843430342235880900DD429B /* Word+CoreDataProperties.swift */ = {isa = PBXFileReference; lastKnownFileType = sourcecode.swift; path = "Word+CoreDataProperties.swift"; sourceTree = "<group>"; };
		844540A6222D4006002FFF2F /* EasyEnglish.app */ = {isa = PBXFileReference; explicitFileType = wrapper.application; includeInIndex = 0; path = EasyEnglish.app; sourceTree = BUILT_PRODUCTS_DIR; };
		844540AA222D4006002FFF2F /* .gitkeep */ = {isa = PBXFileReference; lastKnownFileType = text; path = .gitkeep; sourceTree = "<group>"; };
		844540AC222D4006002FFF2F /* .gitkeep */ = {isa = PBXFileReference; lastKnownFileType = text; path = .gitkeep; sourceTree = "<group>"; };
		844540AE222D4006002FFF2F /* .gitkeep */ = {isa = PBXFileReference; lastKnownFileType = text; path = .gitkeep; sourceTree = "<group>"; };
		844540B2222D4006002FFF2F /* .gitkeep */ = {isa = PBXFileReference; lastKnownFileType = text; path = .gitkeep; sourceTree = "<group>"; };
		844540B4222D4006002FFF2F /* .gitkeep */ = {isa = PBXFileReference; lastKnownFileType = text; path = .gitkeep; sourceTree = "<group>"; };
		844540B6222D4006002FFF2F /* .gitkeep */ = {isa = PBXFileReference; lastKnownFileType = text; path = .gitkeep; sourceTree = "<group>"; };
		844540B8222D4006002FFF2F /* .gitkeep */ = {isa = PBXFileReference; lastKnownFileType = text; path = .gitkeep; sourceTree = "<group>"; };
		844540BB222D4006002FFF2F /* .gitkeep */ = {isa = PBXFileReference; lastKnownFileType = text; path = .gitkeep; sourceTree = "<group>"; };
		844540BD222D4006002FFF2F /* .gitkeep */ = {isa = PBXFileReference; lastKnownFileType = text; path = .gitkeep; sourceTree = "<group>"; };
		844540BF222D4006002FFF2F /* .swiftlint.yml */ = {isa = PBXFileReference; lastKnownFileType = text; name = .swiftlint.yml; path = ../.swiftlint.yml; sourceTree = "<group>"; };
		844540C2222D4006002FFF2F /* Localizable.strings */ = {isa = PBXFileReference; lastKnownFileType = text.plist.strings; path = Localizable.strings; sourceTree = "<group>"; };
		844540C5222D4006002FFF2F /* .gitkeep */ = {isa = PBXFileReference; lastKnownFileType = text; path = .gitkeep; sourceTree = "<group>"; };
		844540C6222D4006002FFF2F /* Colors.xcassets */ = {isa = PBXFileReference; lastKnownFileType = folder.assetcatalog; path = Colors.xcassets; sourceTree = "<group>"; };
		844540C8222D4006002FFF2F /* Assets.xcassets */ = {isa = PBXFileReference; lastKnownFileType = folder.assetcatalog; path = Assets.xcassets; sourceTree = "<group>"; };
		844540CA222D4006002FFF2F /* LaunchScreen.storyboard */ = {isa = PBXFileReference; lastKnownFileType = file.storyboard; path = LaunchScreen.storyboard; sourceTree = "<group>"; };
		844540CC222D4006002FFF2F /* Settings.bundle */ = {isa = PBXFileReference; lastKnownFileType = "wrapper.plug-in"; path = Settings.bundle; sourceTree = "<group>"; };
		844540CD222D4006002FFF2F /* AppDelegate.swift */ = {isa = PBXFileReference; lastKnownFileType = sourcecode.swift; path = AppDelegate.swift; sourceTree = "<group>"; };
		844540CF222D4006002FFF2F /* Info.plist */ = {isa = PBXFileReference; lastKnownFileType = text.plist.xml; path = Info.plist; sourceTree = "<group>"; };
		844540D0222D4006002FFF2F /* .gitignore */ = {isa = PBXFileReference; lastKnownFileType = text; name = .gitignore; path = ../.gitignore; sourceTree = "<group>"; };
		844540D5222D4006002FFF2F /* EasyEnglishUITests.xctest */ = {isa = PBXFileReference; explicitFileType = wrapper.cfbundle; includeInIndex = 0; path = EasyEnglishUITests.xctest; sourceTree = BUILT_PRODUCTS_DIR; };
		844540D9222D4006002FFF2F /* EasyEnglishUITests.swift */ = {isa = PBXFileReference; lastKnownFileType = sourcecode.swift; path = EasyEnglishUITests.swift; sourceTree = "<group>"; };
		844540DB222D4006002FFF2F /* Info.plist */ = {isa = PBXFileReference; lastKnownFileType = text.plist.xml; path = Info.plist; sourceTree = "<group>"; };
		844540E4222D4067002FFF2F /* LoginRegistrationStoryboard.storyboard */ = {isa = PBXFileReference; fileEncoding = 4; lastKnownFileType = file.storyboard; path = LoginRegistrationStoryboard.storyboard; sourceTree = "<group>"; };
		844540E5222D4067002FFF2F /* LoginViewController.swift */ = {isa = PBXFileReference; fileEncoding = 4; lastKnownFileType = sourcecode.swift; path = LoginViewController.swift; sourceTree = "<group>"; };
		8474115C2248068800639522 /* TestWords.storyboard */ = {isa = PBXFileReference; lastKnownFileType = file.storyboard; path = TestWords.storyboard; sourceTree = "<group>"; };
		8474115E2248082000639522 /* TestWordViewController.swift */ = {isa = PBXFileReference; lastKnownFileType = sourcecode.swift; path = TestWordViewController.swift; sourceTree = "<group>"; };
		847411622248118700639522 /* TestWordCell.swift */ = {isa = PBXFileReference; lastKnownFileType = sourcecode.swift; path = TestWordCell.swift; sourceTree = "<group>"; };
		847411632248118700639522 /* TestWordCell.xib */ = {isa = PBXFileReference; lastKnownFileType = file.xib; path = TestWordCell.xib; sourceTree = "<group>"; };
		84A21291224AB9BC003CA53E /* CollectionViewCell.swift */ = {isa = PBXFileReference; lastKnownFileType = sourcecode.swift; path = CollectionViewCell.swift; sourceTree = "<group>"; };
		84AE9DD722514CAD00E06179 /* Api.swift */ = {isa = PBXFileReference; lastKnownFileType = sourcecode.swift; path = Api.swift; sourceTree = "<group>"; };
		84B83C33222EA876005ED568 /* AddNewWordViewController.swift */ = {isa = PBXFileReference; lastKnownFileType = sourcecode.swift; path = AddNewWordViewController.swift; sourceTree = "<group>"; };
		84B8E07D225224C300669369 /* RefreshController.swift */ = {isa = PBXFileReference; lastKnownFileType = sourcecode.swift; path = RefreshController.swift; sourceTree = "<group>"; };
		84BE5E84224A29940016C63D /* ComposeWord.storyboard */ = {isa = PBXFileReference; lastKnownFileType = file.storyboard; path = ComposeWord.storyboard; sourceTree = "<group>"; };
		84BE5E86224A29C60016C63D /* ComposeWordViewController.swift */ = {isa = PBXFileReference; lastKnownFileType = sourcecode.swift; path = ComposeWordViewController.swift; sourceTree = "<group>"; };
		84C0CB7D222D47E9002AB7B4 /* Model.xcdatamodel */ = {isa = PBXFileReference; lastKnownFileType = wrapper.xcdatamodel; path = Model.xcdatamodel; sourceTree = "<group>"; };
		84C0CB84222D495A002AB7B4 /* CoreDataStack.swift */ = {isa = PBXFileReference; lastKnownFileType = sourcecode.swift; path = CoreDataStack.swift; sourceTree = "<group>"; };
		84C0CB86222D4C7D002AB7B4 /* Dictionary.storyboard */ = {isa = PBXFileReference; lastKnownFileType = file.storyboard; path = Dictionary.storyboard; sourceTree = "<group>"; };
		84C112B6222E7CFD000E0D57 /* DictionaryViewController.swift */ = {isa = PBXFileReference; lastKnownFileType = sourcecode.swift; path = DictionaryViewController.swift; sourceTree = "<group>"; };
		84C112B9222E7FD6000E0D57 /* AddNewWord.storyboard */ = {isa = PBXFileReference; lastKnownFileType = file.storyboard; path = AddNewWord.storyboard; sourceTree = "<group>"; };
		84C15E832238480F00F8A8C3 /* WordStruct.swift */ = {isa = PBXFileReference; fileEncoding = 4; lastKnownFileType = sourcecode.swift; path = WordStruct.swift; sourceTree = "<group>"; };
		84C15E85223851E300F8A8C3 /* BounceButton.swift */ = {isa = PBXFileReference; lastKnownFileType = sourcecode.swift; path = BounceButton.swift; sourceTree = "<group>"; };
		84CF8D4F22426F61006CC4A7 /* ShowDetail.storyboard */ = {isa = PBXFileReference; lastKnownFileType = file.storyboard; name = ShowDetail.storyboard; path = EasyEnglish/Modules/ShowDetail/ShowDetail.storyboard; sourceTree = SOURCE_ROOT; };
		84CF8D5222428556006CC4A7 /* ShowDetailViewController.swift */ = {isa = PBXFileReference; lastKnownFileType = sourcecode.swift; path = ShowDetailViewController.swift; sourceTree = "<group>"; };
		84F940902236823300D63C89 /* SelfAddedWords.storyboard */ = {isa = PBXFileReference; lastKnownFileType = file.storyboard; path = SelfAddedWords.storyboard; sourceTree = "<group>"; };
		84F940922236938000D63C89 /* SelfAddedWordsViewController.swift */ = {isa = PBXFileReference; lastKnownFileType = sourcecode.swift; path = SelfAddedWordsViewController.swift; sourceTree = "<group>"; };
		84F940952236A3EF00D63C89 /* SelfAddedWordsTableViewCell.swift */ = {isa = PBXFileReference; lastKnownFileType = sourcecode.swift; path = SelfAddedWordsTableViewCell.swift; sourceTree = "<group>"; };
		84F940962236A3EF00D63C89 /* SelfAddedWordsTableViewCell.xib */ = {isa = PBXFileReference; lastKnownFileType = file.xib; path = SelfAddedWordsTableViewCell.xib; sourceTree = "<group>"; };
		AE2B7F91527DA994067E2779 /* Pods-EasyEnglishUITests.release.xcconfig */ = {isa = PBXFileReference; includeInIndex = 1; lastKnownFileType = text.xcconfig; name = "Pods-EasyEnglishUITests.release.xcconfig"; path = "Target Support Files/Pods-EasyEnglishUITests/Pods-EasyEnglishUITests.release.xcconfig"; sourceTree = "<group>"; };
		BDCA4E767CCD8E5B8A4FEC2A /* Pods-EasyEnglish.debug.xcconfig */ = {isa = PBXFileReference; includeInIndex = 1; lastKnownFileType = text.xcconfig; name = "Pods-EasyEnglish.debug.xcconfig"; path = "Target Support Files/Pods-EasyEnglish/Pods-EasyEnglish.debug.xcconfig"; sourceTree = "<group>"; };
/* End PBXFileReference section */

/* Begin PBXFrameworksBuildPhase section */
		844540A2222D4006002FFF2F /* Frameworks */ = {
			isa = PBXFrameworksBuildPhase;
			buildActionMask = 2147483647;
			files = (
				79E957BF132E82044B3B19E8 /* Pods_EasyEnglish.framework in Frameworks */,
			);
			runOnlyForDeploymentPostprocessing = 0;
		};
		844540D2222D4006002FFF2F /* Frameworks */ = {
			isa = PBXFrameworksBuildPhase;
			buildActionMask = 2147483647;
			files = (
				48C3612373F98E855C557DA2 /* Pods_EasyEnglishUITests.framework in Frameworks */,
			);
			runOnlyForDeploymentPostprocessing = 0;
		};
/* End PBXFrameworksBuildPhase section */

/* Begin PBXGroup section */
		1755478D4FF321B3A3810B55 /* Pods */ = {
			isa = PBXGroup;
			children = (
				BDCA4E767CCD8E5B8A4FEC2A /* Pods-EasyEnglish.debug.xcconfig */,
				43D8A272B874272040855382 /* Pods-EasyEnglish.release.xcconfig */,
				05514D3E3C981F4DB750584A /* Pods-EasyEnglishUITests.debug.xcconfig */,
				AE2B7F91527DA994067E2779 /* Pods-EasyEnglishUITests.release.xcconfig */,
			);
			path = Pods;
			sourceTree = "<group>";
		};
		492D8CD3A211E4436247BBD3 /* Frameworks */ = {
			isa = PBXGroup;
			children = (
				7D05D3CBFFA2BFB9FC509584 /* Pods_EasyEnglish.framework */,
				2718FDA2DA89C26C304431A9 /* Pods_EasyEnglishUITests.framework */,
			);
			name = Frameworks;
			sourceTree = "<group>";
		};
		84206A39222D416C0046D9D3 /* LoginRegistration */ = {
			isa = PBXGroup;
			children = (
				844540E4222D4067002FFF2F /* LoginRegistrationStoryboard.storyboard */,
				844540E5222D4067002FFF2F /* LoginViewController.swift */,
			);
			path = LoginRegistration;
			sourceTree = "<group>";
		};
		8445409C222D4006002FFF2F = {
			isa = PBXGroup;
			children = (
				844540A8222D4006002FFF2F /* EasyEnglish */,
				844540D8222D4006002FFF2F /* EasyEnglishUITests */,
				844540A7222D4006002FFF2F /* Products */,
				1755478D4FF321B3A3810B55 /* Pods */,
				492D8CD3A211E4436247BBD3 /* Frameworks */,
			);
			sourceTree = "<group>";
		};
		844540A7222D4006002FFF2F /* Products */ = {
			isa = PBXGroup;
			children = (
				844540A6222D4006002FFF2F /* EasyEnglish.app */,
				844540D5222D4006002FFF2F /* EasyEnglishUITests.xctest */,
			);
			name = Products;
			sourceTree = "<group>";
		};
		844540A8222D4006002FFF2F /* EasyEnglish */ = {
			isa = PBXGroup;
			children = (
				844540CD222D4006002FFF2F /* AppDelegate.swift */,
				844540CF222D4006002FFF2F /* Info.plist */,
				844540A9222D4006002FFF2F /* Modules */,
				844540AB222D4006002FFF2F /* Business Logic */,
				844540AD222D4006002FFF2F /* Models */,
				844540AF222D4006002FFF2F /* Library */,
				844540B9222D4006002FFF2F /* UI */,
				844540BE222D4006002FFF2F /* External */,
				844540C0222D4006002FFF2F /* Resources */,
			);
			path = EasyEnglish;
			sourceTree = "<group>";
		};
		844540A9222D4006002FFF2F /* Modules */ = {
			isa = PBXGroup;
			children = (
				847411602248082A00639522 /* TestWords */,
				84CF8D5122426F7F006CC4A7 /* ShowDetail */,
				84F940942236938A00D63C89 /* SelfAddedWords */,
				84206A39222D416C0046D9D3 /* LoginRegistration */,
				844540AA222D4006002FFF2F /* .gitkeep */,
				84B83C35222EA87E005ED568 /* AddNewWord */,
				84C112B8222E7F94000E0D57 /* Dictionary */,
				84BE5E88224A29CC0016C63D /* ComposeWords */,
			);
			path = Modules;
			sourceTree = "<group>";
		};
		844540AB222D4006002FFF2F /* Business Logic */ = {
			isa = PBXGroup;
			children = (
				84C15E832238480F00F8A8C3 /* WordStruct.swift */,
				844540AC222D4006002FFF2F /* .gitkeep */,
				84AE9DD722514CAD00E06179 /* Api.swift */,
			);
			path = "Business Logic";
			sourceTree = "<group>";
		};
		844540AD222D4006002FFF2F /* Models */ = {
			isa = PBXGroup;
			children = (
				84C0CB83222D48F7002AB7B4 /* Entities */,
				844540AE222D4006002FFF2F /* .gitkeep */,
				84C0CB7C222D47E9002AB7B4 /* EasyEnglish.xcdatamodeld */,
				84C0CB84222D495A002AB7B4 /* CoreDataStack.swift */,
			);
			path = Models;
			sourceTree = "<group>";
		};
		844540AF222D4006002FFF2F /* Library */ = {
			isa = PBXGroup;
			children = (
				844540B0222D4006002FFF2F /* Extensions */,
				844540B7222D4006002FFF2F /* Utilities */,
			);
			path = Library;
			sourceTree = "<group>";
		};
		844540B0222D4006002FFF2F /* Extensions */ = {
			isa = PBXGroup;
			children = (
				844540B1222D4006002FFF2F /* Standart */,
				844540B3222D4006002FFF2F /* UIKit */,
				844540B5222D4006002FFF2F /* Frameworks */,
			);
			path = Extensions;
			sourceTree = "<group>";
		};
		844540B1222D4006002FFF2F /* Standart */ = {
			isa = PBXGroup;
			children = (
				844540B2222D4006002FFF2F /* .gitkeep */,
			);
			path = Standart;
			sourceTree = "<group>";
		};
		844540B3222D4006002FFF2F /* UIKit */ = {
			isa = PBXGroup;
			children = (
				844540B4222D4006002FFF2F /* .gitkeep */,
			);
			path = UIKit;
			sourceTree = "<group>";
		};
		844540B5222D4006002FFF2F /* Frameworks */ = {
			isa = PBXGroup;
			children = (
				844540B6222D4006002FFF2F /* .gitkeep */,
			);
			path = Frameworks;
			sourceTree = "<group>";
		};
		844540B7222D4006002FFF2F /* Utilities */ = {
			isa = PBXGroup;
			children = (
				844540B8222D4006002FFF2F /* .gitkeep */,
			);
			path = Utilities;
			sourceTree = "<group>";
		};
		844540B9222D4006002FFF2F /* UI */ = {
			isa = PBXGroup;
			children = (
				844540BA222D4006002FFF2F /* Basic Views */,
				844540BC222D4006002FFF2F /* Complex Views */,
			);
			path = UI;
			sourceTree = "<group>";
		};
		844540BA222D4006002FFF2F /* Basic Views */ = {
			isa = PBXGroup;
			children = (
				84F9409A2236A8D600D63C89 /* BounceButton */,
				844540BB222D4006002FFF2F /* .gitkeep */,
			);
			path = "Basic Views";
			sourceTree = "<group>";
		};
		844540BC222D4006002FFF2F /* Complex Views */ = {
			isa = PBXGroup;
			children = (
				847411662248119200639522 /* TestWordsCell */,
				847411612248113D00639522 /* WordsCell */,
				844540BD222D4006002FFF2F /* .gitkeep */,
			);
			path = "Complex Views";
			sourceTree = "<group>";
		};
		844540BE222D4006002FFF2F /* External */ = {
			isa = PBXGroup;
			children = (
				844540BF222D4006002FFF2F /* .swiftlint.yml */,
				844540D0222D4006002FFF2F /* .gitignore */,
			);
			name = External;
			sourceTree = "<group>";
		};
		844540C0222D4006002FFF2F /* Resources */ = {
			isa = PBXGroup;
			children = (
				844540C6222D4006002FFF2F /* Colors.xcassets */,
				844540C8222D4006002FFF2F /* Assets.xcassets */,
				844540CA222D4006002FFF2F /* LaunchScreen.storyboard */,
				844540CC222D4006002FFF2F /* Settings.bundle */,
				844540C1222D4006002FFF2F /* Localization */,
				844540C4222D4006002FFF2F /* Fonts */,
			);
			path = Resources;
			sourceTree = "<group>";
		};
		844540C1222D4006002FFF2F /* Localization */ = {
			isa = PBXGroup;
			children = (
				844540C2222D4006002FFF2F /* Localizable.strings */,
			);
			path = Localization;
			sourceTree = "<group>";
		};
		844540C4222D4006002FFF2F /* Fonts */ = {
			isa = PBXGroup;
			children = (
				844540C5222D4006002FFF2F /* .gitkeep */,
			);
			path = Fonts;
			sourceTree = "<group>";
		};
		844540D8222D4006002FFF2F /* EasyEnglishUITests */ = {
			isa = PBXGroup;
			children = (
				844540D9222D4006002FFF2F /* EasyEnglishUITests.swift */,
				844540DB222D4006002FFF2F /* Info.plist */,
			);
			path = EasyEnglishUITests;
			sourceTree = "<group>";
		};
		847411602248082A00639522 /* TestWords */ = {
			isa = PBXGroup;
			children = (
				8474115C2248068800639522 /* TestWords.storyboard */,
				8474115E2248082000639522 /* TestWordViewController.swift */,
			);
			path = TestWords;
			sourceTree = "<group>";
		};
		847411612248113D00639522 /* WordsCell */ = {
			isa = PBXGroup;
			children = (
				84F940952236A3EF00D63C89 /* SelfAddedWordsTableViewCell.swift */,
				84F940962236A3EF00D63C89 /* SelfAddedWordsTableViewCell.xib */,
			);
			path = WordsCell;
			sourceTree = "<group>";
		};
		847411662248119200639522 /* TestWordsCell */ = {
			isa = PBXGroup;
			children = (
				847411622248118700639522 /* TestWordCell.swift */,
				847411632248118700639522 /* TestWordCell.xib */,
			);
			path = TestWordsCell;
			sourceTree = "<group>";
		};
		84B83C35222EA87E005ED568 /* AddNewWord */ = {
			isa = PBXGroup;
			children = (
				84C112B9222E7FD6000E0D57 /* AddNewWord.storyboard */,
				84B83C33222EA876005ED568 /* AddNewWordViewController.swift */,
			);
			path = AddNewWord;
			sourceTree = "<group>";
		};
		84BE5E88224A29CC0016C63D /* ComposeWords */ = {
			isa = PBXGroup;
			children = (
				84BE5E84224A29940016C63D /* ComposeWord.storyboard */,
				84A21291224AB9BC003CA53E /* CollectionViewCell.swift */,
				84BE5E86224A29C60016C63D /* ComposeWordViewController.swift */,
			);
			path = ComposeWords;
			sourceTree = "<group>";
		};
		84C0CB83222D48F7002AB7B4 /* Entities */ = {
			isa = PBXGroup;
			children = (
				843430312235880900DD429B /* SelfWord+CoreDataClass.swift */,
				843430322235880900DD429B /* SelfWord+CoreDataProperties.swift */,
				843430332235880900DD429B /* Word+CoreDataClass.swift */,
				843430342235880900DD429B /* Word+CoreDataProperties.swift */,
			);
			path = Entities;
			sourceTree = "<group>";
		};
		84C112B8222E7F94000E0D57 /* Dictionary */ = {
			isa = PBXGroup;
			children = (
				84C0CB86222D4C7D002AB7B4 /* Dictionary.storyboard */,
				84B8E07D225224C300669369 /* RefreshController.swift */,
				84C112B6222E7CFD000E0D57 /* DictionaryViewController.swift */,
			);
			path = Dictionary;
			sourceTree = "<group>";
		};
		84CF8D5122426F7F006CC4A7 /* ShowDetail */ = {
			isa = PBXGroup;
			children = (
				84CF8D4F22426F61006CC4A7 /* ShowDetail.storyboard */,
				84CF8D5222428556006CC4A7 /* ShowDetailViewController.swift */,
			);
			path = ShowDetail;
			sourceTree = "<group>";
		};
		84F940942236938A00D63C89 /* SelfAddedWords */ = {
			isa = PBXGroup;
			children = (
				84F940902236823300D63C89 /* SelfAddedWords.storyboard */,
				84F940922236938000D63C89 /* SelfAddedWordsViewController.swift */,
			);
			path = SelfAddedWords;
			sourceTree = "<group>";
		};
		84F9409A2236A8D600D63C89 /* BounceButton */ = {
			isa = PBXGroup;
			children = (
				84C15E85223851E300F8A8C3 /* BounceButton.swift */,
			);
			path = BounceButton;
			sourceTree = "<group>";
		};
/* End PBXGroup section */

/* Begin PBXNativeTarget section */
		844540A5222D4006002FFF2F /* EasyEnglish */ = {
			isa = PBXNativeTarget;
			buildConfigurationList = 844540DE222D4006002FFF2F /* Build configuration list for PBXNativeTarget "EasyEnglish" */;
			buildPhases = (
				00EF69C611F88F7350EBFF6C /* [CP] Check Pods Manifest.lock */,
				844540A1222D4006002FFF2F /* Sources */,
				844540A2222D4006002FFF2F /* Frameworks */,
				844540A3222D4006002FFF2F /* Resources */,
				844540A4222D4006002FFF2F /* Swift Lint */,
				2ED8FCDDB220C56CBF8450E0 /* [CP] Embed Pods Frameworks */,
			);
			buildRules = (
			);
			dependencies = (
			);
			name = EasyEnglish;
			productName = EasyEnglish;
			productReference = 844540A6222D4006002FFF2F /* EasyEnglish.app */;
			productType = "com.apple.product-type.application";
		};
		844540D4222D4006002FFF2F /* EasyEnglishUITests */ = {
			isa = PBXNativeTarget;
			buildConfigurationList = 844540E1222D4006002FFF2F /* Build configuration list for PBXNativeTarget "EasyEnglishUITests" */;
			buildPhases = (
				6B51E4E23FD9F29457BB7703 /* [CP] Check Pods Manifest.lock */,
				844540D1222D4006002FFF2F /* Sources */,
				844540D2222D4006002FFF2F /* Frameworks */,
				844540D3222D4006002FFF2F /* Resources */,
			);
			buildRules = (
			);
			dependencies = (
				844540D7222D4006002FFF2F /* PBXTargetDependency */,
			);
			name = EasyEnglishUITests;
			productName = EasyEnglishUITests;
			productReference = 844540D5222D4006002FFF2F /* EasyEnglishUITests.xctest */;
			productType = "com.apple.product-type.bundle.ui-testing";
		};
/* End PBXNativeTarget section */

/* Begin PBXProject section */
		8445409D222D4006002FFF2F /* Project object */ = {
			isa = PBXProject;
			attributes = {
				LastSwiftUpdateCheck = 1010;
				LastUpgradeCheck = 1010;
				ORGANIZATIONNAME = "Мостовий Ігор";
				TargetAttributes = {
					844540A5222D4006002FFF2F = {
						CreatedOnToolsVersion = 10.1;
						LastSwiftMigration = 1020;
					};
					844540D4222D4006002FFF2F = {
						CreatedOnToolsVersion = 10.1;
						LastSwiftMigration = 1020;
						TestTargetID = 844540A5222D4006002FFF2F;
					};
				};
			};
			buildConfigurationList = 844540A0222D4006002FFF2F /* Build configuration list for PBXProject "EasyEnglish" */;
			compatibilityVersion = "Xcode 9.3";
			developmentRegion = en;
			hasScannedForEncodings = 0;
			knownRegions = (
				en,
				Base,
			);
			mainGroup = 8445409C222D4006002FFF2F;
			productRefGroup = 844540A7222D4006002FFF2F /* Products */;
			projectDirPath = "";
			projectRoot = "";
			targets = (
				844540A5222D4006002FFF2F /* EasyEnglish */,
				844540D4222D4006002FFF2F /* EasyEnglishUITests */,
			);
		};
/* End PBXProject section */

/* Begin PBXResourcesBuildPhase section */
		844540A3222D4006002FFF2F /* Resources */ = {
			isa = PBXResourcesBuildPhase;
			buildActionMask = 2147483647;
			files = (
				84BE5E85224A29940016C63D /* ComposeWord.storyboard in Resources */,
				844540C3222D4006002FFF2F /* Localizable.strings in Resources */,
				84F940982236A3EF00D63C89 /* SelfAddedWordsTableViewCell.xib in Resources */,
				844540CB222D4006002FFF2F /* LaunchScreen.storyboard in Resources */,
				84C112BA222E7FD6000E0D57 /* AddNewWord.storyboard in Resources */,
				84CF8D5022426F61006CC4A7 /* ShowDetail.storyboard in Resources */,
				84F940912236823300D63C89 /* SelfAddedWords.storyboard in Resources */,
				844540C9222D4006002FFF2F /* Assets.xcassets in Resources */,
				844540C7222D4006002FFF2F /* Colors.xcassets in Resources */,
				8474115D2248068800639522 /* TestWords.storyboard in Resources */,
				847411652248118700639522 /* TestWordCell.xib in Resources */,
				844540E6222D4067002FFF2F /* LoginRegistrationStoryboard.storyboard in Resources */,
				84C0CB87222D4C7D002AB7B4 /* Dictionary.storyboard in Resources */,
			);
			runOnlyForDeploymentPostprocessing = 0;
		};
		844540D3222D4006002FFF2F /* Resources */ = {
			isa = PBXResourcesBuildPhase;
			buildActionMask = 2147483647;
			files = (
			);
			runOnlyForDeploymentPostprocessing = 0;
		};
/* End PBXResourcesBuildPhase section */

/* Begin PBXShellScriptBuildPhase section */
		00EF69C611F88F7350EBFF6C /* [CP] Check Pods Manifest.lock */ = {
			isa = PBXShellScriptBuildPhase;
			buildActionMask = 2147483647;
			files = (
			);
			inputFileListPaths = (
			);
			inputPaths = (
				"${PODS_PODFILE_DIR_PATH}/Podfile.lock",
				"${PODS_ROOT}/Manifest.lock",
			);
			name = "[CP] Check Pods Manifest.lock";
			outputFileListPaths = (
			);
			outputPaths = (
				"$(DERIVED_FILE_DIR)/Pods-EasyEnglish-checkManifestLockResult.txt",
			);
			runOnlyForDeploymentPostprocessing = 0;
			shellPath = /bin/sh;
			shellScript = "diff \"${PODS_PODFILE_DIR_PATH}/Podfile.lock\" \"${PODS_ROOT}/Manifest.lock\" > /dev/null\nif [ $? != 0 ] ; then\n    # print error to STDERR\n    echo \"error: The sandbox is not in sync with the Podfile.lock. Run 'pod install' or update your CocoaPods installation.\" >&2\n    exit 1\nfi\n# This output is used by Xcode 'outputs' to avoid re-running this script phase.\necho \"SUCCESS\" > \"${SCRIPT_OUTPUT_FILE_0}\"\n";
			showEnvVarsInLog = 0;
		};
		2ED8FCDDB220C56CBF8450E0 /* [CP] Embed Pods Frameworks */ = {
			isa = PBXShellScriptBuildPhase;
			buildActionMask = 2147483647;
			files = (
			);
			inputFileListPaths = (
			);
			inputPaths = (
				"${PODS_ROOT}/Target Support Files/Pods-EasyEnglish/Pods-EasyEnglish-frameworks.sh",
				"${BUILT_PRODUCTS_DIR}/Alamofire/Alamofire.framework",
				"${BUILT_PRODUCTS_DIR}/Floaty/Floaty.framework",
				"${BUILT_PRODUCTS_DIR}/IQKeyboardManager/IQKeyboardManager.framework",
				"${BUILT_PRODUCTS_DIR}/Kingfisher/Kingfisher.framework",
				"${BUILT_PRODUCTS_DIR}/Moya/Moya.framework",
				"${BUILT_PRODUCTS_DIR}/Result/Result.framework",
				"${BUILT_PRODUCTS_DIR}/TextFieldEffects/TextFieldEffects.framework",
				"${BUILT_PRODUCTS_DIR}/youtube-ios-player-helper/youtube_ios_player_helper.framework",
			);
			name = "[CP] Embed Pods Frameworks";
			outputFileListPaths = (
			);
			outputPaths = (
				"${TARGET_BUILD_DIR}/${FRAMEWORKS_FOLDER_PATH}/Alamofire.framework",
				"${TARGET_BUILD_DIR}/${FRAMEWORKS_FOLDER_PATH}/Floaty.framework",
				"${TARGET_BUILD_DIR}/${FRAMEWORKS_FOLDER_PATH}/IQKeyboardManager.framework",
				"${TARGET_BUILD_DIR}/${FRAMEWORKS_FOLDER_PATH}/Kingfisher.framework",
				"${TARGET_BUILD_DIR}/${FRAMEWORKS_FOLDER_PATH}/Moya.framework",
				"${TARGET_BUILD_DIR}/${FRAMEWORKS_FOLDER_PATH}/Result.framework",
				"${TARGET_BUILD_DIR}/${FRAMEWORKS_FOLDER_PATH}/TextFieldEffects.framework",
				"${TARGET_BUILD_DIR}/${FRAMEWORKS_FOLDER_PATH}/youtube_ios_player_helper.framework",
			);
			runOnlyForDeploymentPostprocessing = 0;
			shellPath = /bin/sh;
			shellScript = "\"${PODS_ROOT}/Target Support Files/Pods-EasyEnglish/Pods-EasyEnglish-frameworks.sh\"\n";
			showEnvVarsInLog = 0;
		};
		6B51E4E23FD9F29457BB7703 /* [CP] Check Pods Manifest.lock */ = {
			isa = PBXShellScriptBuildPhase;
			buildActionMask = 2147483647;
			files = (
			);
			inputFileListPaths = (
			);
			inputPaths = (
				"${PODS_PODFILE_DIR_PATH}/Podfile.lock",
				"${PODS_ROOT}/Manifest.lock",
			);
			name = "[CP] Check Pods Manifest.lock";
			outputFileListPaths = (
			);
			outputPaths = (
				"$(DERIVED_FILE_DIR)/Pods-EasyEnglishUITests-checkManifestLockResult.txt",
			);
			runOnlyForDeploymentPostprocessing = 0;
			shellPath = /bin/sh;
			shellScript = "diff \"${PODS_PODFILE_DIR_PATH}/Podfile.lock\" \"${PODS_ROOT}/Manifest.lock\" > /dev/null\nif [ $? != 0 ] ; then\n    # print error to STDERR\n    echo \"error: The sandbox is not in sync with the Podfile.lock. Run 'pod install' or update your CocoaPods installation.\" >&2\n    exit 1\nfi\n# This output is used by Xcode 'outputs' to avoid re-running this script phase.\necho \"SUCCESS\" > \"${SCRIPT_OUTPUT_FILE_0}\"\n";
			showEnvVarsInLog = 0;
		};
		844540A4222D4006002FFF2F /* Swift Lint */ = {
			isa = PBXShellScriptBuildPhase;
			buildActionMask = 2147483647;
			files = (
			);
			inputFileListPaths = (
			);
			inputPaths = (
			);
			name = "Swift Lint";
			outputFileListPaths = (
			);
			outputPaths = (
			);
			runOnlyForDeploymentPostprocessing = 0;
			shellPath = /bin/sh;
			shellScript = "if which swiftlint >/dev/null; then\n    swiftlint autocorrect\n    swiftlint\nelse\n    echo \"warning: SwiftLint not installed, brew install swiftlint\"\nfi";
		};
/* End PBXShellScriptBuildPhase section */

/* Begin PBXSourcesBuildPhase section */
		844540A1222D4006002FFF2F /* Sources */ = {
			isa = PBXSourcesBuildPhase;
			buildActionMask = 2147483647;
			files = (
				84B8E07E225224C300669369 /* RefreshController.swift in Sources */,
				84BE5E87224A29C60016C63D /* ComposeWordViewController.swift in Sources */,
				84F940972236A3EF00D63C89 /* SelfAddedWordsTableViewCell.swift in Sources */,
				84C15E842238480F00F8A8C3 /* WordStruct.swift in Sources */,
				844540E7222D4067002FFF2F /* LoginViewController.swift in Sources */,
				84CF8D5322428556006CC4A7 /* ShowDetailViewController.swift in Sources */,
				847411642248118700639522 /* TestWordCell.swift in Sources */,
				844540CE222D4006002FFF2F /* AppDelegate.swift in Sources */,
				843430362235880900DD429B /* SelfWord+CoreDataProperties.swift in Sources */,
				84C15E86223851E300F8A8C3 /* BounceButton.swift in Sources */,
				84A21292224AB9BC003CA53E /* CollectionViewCell.swift in Sources */,
				8474115F2248082100639522 /* TestWordViewController.swift in Sources */,
				84F940932236938000D63C89 /* SelfAddedWordsViewController.swift in Sources */,
				84C0CB7E222D47E9002AB7B4 /* EasyEnglish.xcdatamodeld in Sources */,
				843430352235880900DD429B /* SelfWord+CoreDataClass.swift in Sources */,
				84C0CB85222D495A002AB7B4 /* CoreDataStack.swift in Sources */,
				84C112B7222E7CFD000E0D57 /* DictionaryViewController.swift in Sources */,
				843430382235880900DD429B /* Word+CoreDataProperties.swift in Sources */,
				84B83C34222EA876005ED568 /* AddNewWordViewController.swift in Sources */,
				84AE9DD822514CAD00E06179 /* Api.swift in Sources */,
				843430372235880900DD429B /* Word+CoreDataClass.swift in Sources */,
			);
			runOnlyForDeploymentPostprocessing = 0;
		};
		844540D1222D4006002FFF2F /* Sources */ = {
			isa = PBXSourcesBuildPhase;
			buildActionMask = 2147483647;
			files = (
				844540DA222D4006002FFF2F /* EasyEnglishUITests.swift in Sources */,
			);
			runOnlyForDeploymentPostprocessing = 0;
		};
/* End PBXSourcesBuildPhase section */

/* Begin PBXTargetDependency section */
		844540D7222D4006002FFF2F /* PBXTargetDependency */ = {
			isa = PBXTargetDependency;
			target = 844540A5222D4006002FFF2F /* EasyEnglish */;
			targetProxy = 844540D6222D4006002FFF2F /* PBXContainerItemProxy */;
		};
/* End PBXTargetDependency section */

/* Begin XCBuildConfiguration section */
		844540DC222D4006002FFF2F /* Debug */ = {
			isa = XCBuildConfiguration;
			buildSettings = {
				ALWAYS_SEARCH_USER_PATHS = NO;
				CLANG_ANALYZER_NONNULL = YES;
				CLANG_ANALYZER_NUMBER_OBJECT_CONVERSION = YES_AGGRESSIVE;
				CLANG_CXX_LANGUAGE_STANDARD = "gnu++14";
				CLANG_CXX_LIBRARY = "libc++";
				CLANG_ENABLE_MODULES = YES;
				CLANG_ENABLE_OBJC_ARC = YES;
				CLANG_ENABLE_OBJC_WEAK = YES;
				CLANG_WARN_BLOCK_CAPTURE_AUTORELEASING = YES;
				CLANG_WARN_BOOL_CONVERSION = YES;
				CLANG_WARN_COMMA = YES;
				CLANG_WARN_CONSTANT_CONVERSION = YES;
				CLANG_WARN_DEPRECATED_OBJC_IMPLEMENTATIONS = YES;
				CLANG_WARN_DIRECT_OBJC_ISA_USAGE = YES_ERROR;
				CLANG_WARN_DOCUMENTATION_COMMENTS = YES;
				CLANG_WARN_EMPTY_BODY = YES;
				CLANG_WARN_ENUM_CONVERSION = YES;
				CLANG_WARN_INFINITE_RECURSION = YES;
				CLANG_WARN_INT_CONVERSION = YES;
				CLANG_WARN_NON_LITERAL_NULL_CONVERSION = YES;
				CLANG_WARN_OBJC_IMPLICIT_RETAIN_SELF = YES;
				CLANG_WARN_OBJC_LITERAL_CONVERSION = YES;
				CLANG_WARN_OBJC_ROOT_CLASS = YES_ERROR;
				CLANG_WARN_RANGE_LOOP_ANALYSIS = YES;
				CLANG_WARN_STRICT_PROTOTYPES = YES;
				CLANG_WARN_SUSPICIOUS_MOVE = YES;
				CLANG_WARN_UNGUARDED_AVAILABILITY = YES_AGGRESSIVE;
				CLANG_WARN_UNREACHABLE_CODE = YES;
				CLANG_WARN__DUPLICATE_METHOD_MATCH = YES;
				CODE_SIGN_IDENTITY = "iPhone Developer";
				COPY_PHASE_STRIP = NO;
				DEBUG_INFORMATION_FORMAT = dwarf;
				ENABLE_STRICT_OBJC_MSGSEND = YES;
				ENABLE_TESTABILITY = YES;
				GCC_C_LANGUAGE_STANDARD = gnu11;
				GCC_DYNAMIC_NO_PIC = NO;
				GCC_NO_COMMON_BLOCKS = YES;
				GCC_OPTIMIZATION_LEVEL = 0;
				GCC_PREPROCESSOR_DEFINITIONS = (
					"DEBUG=1",
					"$(inherited)",
				);
				GCC_WARN_64_TO_32_BIT_CONVERSION = YES;
				GCC_WARN_ABOUT_RETURN_TYPE = YES_ERROR;
				GCC_WARN_UNDECLARED_SELECTOR = YES;
				GCC_WARN_UNINITIALIZED_AUTOS = YES_AGGRESSIVE;
				GCC_WARN_UNUSED_FUNCTION = YES;
				GCC_WARN_UNUSED_VARIABLE = YES;
				IPHONEOS_DEPLOYMENT_TARGET = 12.1;
				MTL_ENABLE_DEBUG_INFO = INCLUDE_SOURCE;
				MTL_FAST_MATH = YES;
				ONLY_ACTIVE_ARCH = YES;
				SDKROOT = iphoneos;
				SWIFT_ACTIVE_COMPILATION_CONDITIONS = DEBUG;
				SWIFT_OPTIMIZATION_LEVEL = "-Onone";
				SWIFT_VERSION = 4.2;
			};
			name = Debug;
		};
		844540DD222D4006002FFF2F /* Release */ = {
			isa = XCBuildConfiguration;
			buildSettings = {
				ALWAYS_SEARCH_USER_PATHS = NO;
				CLANG_ANALYZER_NONNULL = YES;
				CLANG_ANALYZER_NUMBER_OBJECT_CONVERSION = YES_AGGRESSIVE;
				CLANG_CXX_LANGUAGE_STANDARD = "gnu++14";
				CLANG_CXX_LIBRARY = "libc++";
				CLANG_ENABLE_MODULES = YES;
				CLANG_ENABLE_OBJC_ARC = YES;
				CLANG_ENABLE_OBJC_WEAK = YES;
				CLANG_WARN_BLOCK_CAPTURE_AUTORELEASING = YES;
				CLANG_WARN_BOOL_CONVERSION = YES;
				CLANG_WARN_COMMA = YES;
				CLANG_WARN_CONSTANT_CONVERSION = YES;
				CLANG_WARN_DEPRECATED_OBJC_IMPLEMENTATIONS = YES;
				CLANG_WARN_DIRECT_OBJC_ISA_USAGE = YES_ERROR;
				CLANG_WARN_DOCUMENTATION_COMMENTS = YES;
				CLANG_WARN_EMPTY_BODY = YES;
				CLANG_WARN_ENUM_CONVERSION = YES;
				CLANG_WARN_INFINITE_RECURSION = YES;
				CLANG_WARN_INT_CONVERSION = YES;
				CLANG_WARN_NON_LITERAL_NULL_CONVERSION = YES;
				CLANG_WARN_OBJC_IMPLICIT_RETAIN_SELF = YES;
				CLANG_WARN_OBJC_LITERAL_CONVERSION = YES;
				CLANG_WARN_OBJC_ROOT_CLASS = YES_ERROR;
				CLANG_WARN_RANGE_LOOP_ANALYSIS = YES;
				CLANG_WARN_STRICT_PROTOTYPES = YES;
				CLANG_WARN_SUSPICIOUS_MOVE = YES;
				CLANG_WARN_UNGUARDED_AVAILABILITY = YES_AGGRESSIVE;
				CLANG_WARN_UNREACHABLE_CODE = YES;
				CLANG_WARN__DUPLICATE_METHOD_MATCH = YES;
				CODE_SIGN_IDENTITY = "iPhone Developer";
				COPY_PHASE_STRIP = NO;
				DEBUG_INFORMATION_FORMAT = "dwarf-with-dsym";
				ENABLE_NS_ASSERTIONS = NO;
				ENABLE_STRICT_OBJC_MSGSEND = YES;
				GCC_C_LANGUAGE_STANDARD = gnu11;
				GCC_NO_COMMON_BLOCKS = YES;
				GCC_WARN_64_TO_32_BIT_CONVERSION = YES;
				GCC_WARN_ABOUT_RETURN_TYPE = YES_ERROR;
				GCC_WARN_UNDECLARED_SELECTOR = YES;
				GCC_WARN_UNINITIALIZED_AUTOS = YES_AGGRESSIVE;
				GCC_WARN_UNUSED_FUNCTION = YES;
				GCC_WARN_UNUSED_VARIABLE = YES;
				IPHONEOS_DEPLOYMENT_TARGET = 12.1;
				MTL_ENABLE_DEBUG_INFO = NO;
				MTL_FAST_MATH = YES;
				SDKROOT = iphoneos;
				SWIFT_COMPILATION_MODE = wholemodule;
				SWIFT_OPTIMIZATION_LEVEL = "-O";
				SWIFT_VERSION = 4.2;
				VALIDATE_PRODUCT = YES;
			};
			name = Release;
		};
		844540DF222D4006002FFF2F /* Debug */ = {
			isa = XCBuildConfiguration;
			baseConfigurationReference = BDCA4E767CCD8E5B8A4FEC2A /* Pods-EasyEnglish.debug.xcconfig */;
			buildSettings = {
				ASSETCATALOG_COMPILER_APPICON_NAME = AppIcon;
				CODE_SIGN_STYLE = Automatic;
				INFOPLIST_FILE = EasyEnglish/Info.plist;
				LD_RUNPATH_SEARCH_PATHS = (
					"$(inherited)",
					"@executable_path/Frameworks",
				);
				PRODUCT_BUNDLE_IDENTIFIER = identifier.EasyEnglish;
				PRODUCT_NAME = "$(TARGET_NAME)";
				SWIFT_VERSION = 5.0;
				TARGETED_DEVICE_FAMILY = "1,2";
			};
			name = Debug;
		};
		844540E0222D4006002FFF2F /* Release */ = {
			isa = XCBuildConfiguration;
			baseConfigurationReference = 43D8A272B874272040855382 /* Pods-EasyEnglish.release.xcconfig */;
			buildSettings = {
				ASSETCATALOG_COMPILER_APPICON_NAME = AppIcon;
				CODE_SIGN_STYLE = Automatic;
				INFOPLIST_FILE = EasyEnglish/Info.plist;
				LD_RUNPATH_SEARCH_PATHS = (
					"$(inherited)",
					"@executable_path/Frameworks",
				);
				PRODUCT_BUNDLE_IDENTIFIER = identifier.EasyEnglish;
				PRODUCT_NAME = "$(TARGET_NAME)";
				SWIFT_VERSION = 5.0;
				TARGETED_DEVICE_FAMILY = "1,2";
			};
			name = Release;
		};
		844540E2222D4006002FFF2F /* Debug */ = {
			isa = XCBuildConfiguration;
			baseConfigurationReference = 05514D3E3C981F4DB750584A /* Pods-EasyEnglishUITests.debug.xcconfig */;
			buildSettings = {
				ALWAYS_EMBED_SWIFT_STANDARD_LIBRARIES = YES;
				CODE_SIGN_STYLE = Automatic;
				INFOPLIST_FILE = EasyEnglishUITests/Info.plist;
				LD_RUNPATH_SEARCH_PATHS = (
					"$(inherited)",
					"@executable_path/Frameworks",
					"@loader_path/Frameworks",
				);
				PRODUCT_BUNDLE_IDENTIFIER = identifier.EasyEnglishUITests;
				PRODUCT_NAME = "$(TARGET_NAME)";
				SWIFT_VERSION = 5.0;
				TARGETED_DEVICE_FAMILY = "1,2";
				TEST_TARGET_NAME = EasyEnglish;
			};
			name = Debug;
		};
		844540E3222D4006002FFF2F /* Release */ = {
			isa = XCBuildConfiguration;
			baseConfigurationReference = AE2B7F91527DA994067E2779 /* Pods-EasyEnglishUITests.release.xcconfig */;
			buildSettings = {
				ALWAYS_EMBED_SWIFT_STANDARD_LIBRARIES = YES;
				CODE_SIGN_STYLE = Automatic;
				INFOPLIST_FILE = EasyEnglishUITests/Info.plist;
				LD_RUNPATH_SEARCH_PATHS = (
					"$(inherited)",
					"@executable_path/Frameworks",
					"@loader_path/Frameworks",
				);
				PRODUCT_BUNDLE_IDENTIFIER = identifier.EasyEnglishUITests;
				PRODUCT_NAME = "$(TARGET_NAME)";
				SWIFT_VERSION = 5.0;
				TARGETED_DEVICE_FAMILY = "1,2";
				TEST_TARGET_NAME = EasyEnglish;
			};
			name = Release;
		};
/* End XCBuildConfiguration section */

/* Begin XCConfigurationList section */
		844540A0222D4006002FFF2F /* Build configuration list for PBXProject "EasyEnglish" */ = {
			isa = XCConfigurationList;
			buildConfigurations = (
				844540DC222D4006002FFF2F /* Debug */,
				844540DD222D4006002FFF2F /* Release */,
			);
			defaultConfigurationIsVisible = 0;
			defaultConfigurationName = Release;
		};
		844540DE222D4006002FFF2F /* Build configuration list for PBXNativeTarget "EasyEnglish" */ = {
			isa = XCConfigurationList;
			buildConfigurations = (
				844540DF222D4006002FFF2F /* Debug */,
				844540E0222D4006002FFF2F /* Release */,
			);
			defaultConfigurationIsVisible = 0;
			defaultConfigurationName = Release;
		};
		844540E1222D4006002FFF2F /* Build configuration list for PBXNativeTarget "EasyEnglishUITests" */ = {
			isa = XCConfigurationList;
			buildConfigurations = (
				844540E2222D4006002FFF2F /* Debug */,
				844540E3222D4006002FFF2F /* Release */,
			);
			defaultConfigurationIsVisible = 0;
			defaultConfigurationName = Release;
		};
/* End XCConfigurationList section */

/* Begin XCVersionGroup section */
		84C0CB7C222D47E9002AB7B4 /* EasyEnglish.xcdatamodeld */ = {
			isa = XCVersionGroup;
			children = (
				84C0CB7D222D47E9002AB7B4 /* Model.xcdatamodel */,
			);
			currentVersion = 84C0CB7D222D47E9002AB7B4 /* Model.xcdatamodel */;
			path = EasyEnglish.xcdatamodeld;
			sourceTree = "<group>";
			versionGroupType = wrapper.xcdatamodel;
		};
/* End XCVersionGroup section */
	};
	rootObject = 8445409D222D4006002FFF2F /* Project object */;
}
